
Microsoft Visual Studio Solution File, Format Version 12.00
# Visual Studio Version 17
VisualStudioVersion = 17.0.31606.5
MinimumVisualStudioVersion = 10.0.40219.1
Project("{9A19103F-16F7-4668-BE54-9A1E7A4F7556}") = "PushSingleton", "PushSingleton\PushSingleton.csproj", "{EC827DFE-8BCD-46EE-B13A-E13C0DD04FD9}"
EndProject
Project("{FAE04EC0-301F-11D3-BF4B-00C04F79EFBC}") = "PushAppA", "PushAppA\PushAppA.csproj", "{7097056F-391C-486B-9154-4355E22E8117}"
EndProject
Project("{FAE04EC0-301F-11D3-BF4B-00C04F79EFBC}") = "PushLibrary", "PushLibrary\PushLibrary.csproj", "{F1AA1378-AD3D-409C-8098-E4FDF6923AD7}"
EndProject
Project("{FAE04EC0-301F-11D3-BF4B-00C04F79EFBC}") = "PushAppB", "PushAppB\PushAppB.csproj", "{AA636DAF-2B22-486D-86F7-E4CB0CBDD9B1}"
EndProject
Global
	GlobalSection(SolutionConfigurationPlatforms) = preSolution
		Debug|Any CPU = Debug|Any CPU
		Debug|ARM = Debug|ARM
		Debug|ARM64 = Debug|ARM64
		Debug|x64 = Debug|x64
		Debug|x86 = Debug|x86
		Release|Any CPU = Release|Any CPU
		Release|ARM = Release|ARM
		Release|ARM64 = Release|ARM64
		Release|x64 = Release|x64
		Release|x86 = Release|x86
	EndGlobalSection
	GlobalSection(ProjectConfigurationPlatforms) = postSolution
		{EC827DFE-8BCD-46EE-B13A-E13C0DD04FD9}.Debug|Any CPU.ActiveCfg = Debug|Any CPU
		{EC827DFE-8BCD-46EE-B13A-E13C0DD04FD9}.Debug|Any CPU.Build.0 = Debug|Any CPU
		{EC827DFE-8BCD-46EE-B13A-E13C0DD04FD9}.Debug|ARM.ActiveCfg = Debug|Any CPU
		{EC827DFE-8BCD-46EE-B13A-E13C0DD04FD9}.Debug|ARM.Build.0 = Debug|Any CPU
		{EC827DFE-8BCD-46EE-B13A-E13C0DD04FD9}.Debug|ARM64.ActiveCfg = Debug|Any CPU
		{EC827DFE-8BCD-46EE-B13A-E13C0DD04FD9}.Debug|ARM64.Build.0 = Debug|Any CPU
		{EC827DFE-8BCD-46EE-B13A-E13C0DD04FD9}.Debug|x64.ActiveCfg = Debug|Any CPU
		{EC827DFE-8BCD-46EE-B13A-E13C0DD04FD9}.Debug|x64.Build.0 = Debug|Any CPU
		{EC827DFE-8BCD-46EE-B13A-E13C0DD04FD9}.Debug|x86.ActiveCfg = Debug|Any CPU
		{EC827DFE-8BCD-46EE-B13A-E13C0DD04FD9}.Debug|x86.Build.0 = Debug|Any CPU
		{EC827DFE-8BCD-46EE-B13A-E13C0DD04FD9}.Release|Any CPU.ActiveCfg = Release|Any CPU
		{EC827DFE-8BCD-46EE-B13A-E13C0DD04FD9}.Release|Any CPU.Build.0 = Release|Any CPU
		{EC827DFE-8BCD-46EE-B13A-E13C0DD04FD9}.Release|ARM.ActiveCfg = Release|Any CPU
		{EC827DFE-8BCD-46EE-B13A-E13C0DD04FD9}.Release|ARM.Build.0 = Release|Any CPU
		{EC827DFE-8BCD-46EE-B13A-E13C0DD04FD9}.Release|ARM64.ActiveCfg = Release|Any CPU
		{EC827DFE-8BCD-46EE-B13A-E13C0DD04FD9}.Release|ARM64.Build.0 = Release|Any CPU
		{EC827DFE-8BCD-46EE-B13A-E13C0DD04FD9}.Release|x64.ActiveCfg = Release|Any CPU
		{EC827DFE-8BCD-46EE-B13A-E13C0DD04FD9}.Release|x64.Build.0 = Release|Any CPU
		{EC827DFE-8BCD-46EE-B13A-E13C0DD04FD9}.Release|x86.ActiveCfg = Release|Any CPU
		{EC827DFE-8BCD-46EE-B13A-E13C0DD04FD9}.Release|x86.Build.0 = Release|Any CPU
		{7097056F-391C-486B-9154-4355E22E8117}.Debug|Any CPU.ActiveCfg = Debug|Any CPU
		{7097056F-391C-486B-9154-4355E22E8117}.Debug|Any CPU.Build.0 = Debug|Any CPU
		{7097056F-391C-486B-9154-4355E22E8117}.Debug|ARM.ActiveCfg = Debug|Any CPU
		{7097056F-391C-486B-9154-4355E22E8117}.Debug|ARM.Build.0 = Debug|Any CPU
		{7097056F-391C-486B-9154-4355E22E8117}.Debug|ARM64.ActiveCfg = Debug|Any CPU
		{7097056F-391C-486B-9154-4355E22E8117}.Debug|ARM64.Build.0 = Debug|Any CPU
		{7097056F-391C-486B-9154-4355E22E8117}.Debug|x64.ActiveCfg = Debug|Any CPU
		{7097056F-391C-486B-9154-4355E22E8117}.Debug|x64.Build.0 = Debug|Any CPU
		{7097056F-391C-486B-9154-4355E22E8117}.Debug|x86.ActiveCfg = Debug|Any CPU
		{7097056F-391C-486B-9154-4355E22E8117}.Debug|x86.Build.0 = Debug|Any CPU
		{7097056F-391C-486B-9154-4355E22E8117}.Release|Any CPU.ActiveCfg = Release|Any CPU
		{7097056F-391C-486B-9154-4355E22E8117}.Release|Any CPU.Build.0 = Release|Any CPU
		{7097056F-391C-486B-9154-4355E22E8117}.Release|ARM.ActiveCfg = Release|Any CPU
		{7097056F-391C-486B-9154-4355E22E8117}.Release|ARM.Build.0 = Release|Any CPU
		{7097056F-391C-486B-9154-4355E22E8117}.Release|ARM64.ActiveCfg = Release|Any CPU
		{7097056F-391C-486B-9154-4355E22E8117}.Release|ARM64.Build.0 = Release|Any CPU
		{7097056F-391C-486B-9154-4355E22E8117}.Release|x64.ActiveCfg = Release|Any CPU
		{7097056F-391C-486B-9154-4355E22E8117}.Release|x64.Build.0 = Release|Any CPU
		{7097056F-391C-486B-9154-4355E22E8117}.Release|x86.ActiveCfg = Release|Any CPU
		{7097056F-391C-486B-9154-4355E22E8117}.Release|x86.Build.0 = Release|Any CPU
		{F1AA1378-AD3D-409C-8098-E4FDF6923AD7}.Debug|Any CPU.ActiveCfg = Debug|Any CPU
		{F1AA1378-AD3D-409C-8098-E4FDF6923AD7}.Debug|Any CPU.Build.0 = Debug|Any CPU
		{F1AA1378-AD3D-409C-8098-E4FDF6923AD7}.Debug|ARM.ActiveCfg = Debug|Any CPU
		{F1AA1378-AD3D-409C-8098-E4FDF6923AD7}.Debug|ARM.Build.0 = Debug|Any CPU
		{F1AA1378-AD3D-409C-8098-E4FDF6923AD7}.Debug|ARM64.ActiveCfg = Debug|Any CPU
		{F1AA1378-AD3D-409C-8098-E4FDF6923AD7}.Debug|ARM64.Build.0 = Debug|Any CPU
		{F1AA1378-AD3D-409C-8098-E4FDF6923AD7}.Debug|x64.ActiveCfg = Debug|Any CPU
		{F1AA1378-AD3D-409C-8098-E4FDF6923AD7}.Debug|x64.Build.0 = Debug|Any CPU
		{F1AA1378-AD3D-409C-8098-E4FDF6923AD7}.Debug|x86.ActiveCfg = Debug|Any CPU
		{F1AA1378-AD3D-409C-8098-E4FDF6923AD7}.Debug|x86.Build.0 = Debug|Any CPU
		{F1AA1378-AD3D-409C-8098-E4FDF6923AD7}.Release|Any CPU.ActiveCfg = Release|Any CPU
		{F1AA1378-AD3D-409C-8098-E4FDF6923AD7}.Release|Any CPU.Build.0 = Release|Any CPU
		{F1AA1378-AD3D-409C-8098-E4FDF6923AD7}.Release|ARM.ActiveCfg = Release|Any CPU
		{F1AA1378-AD3D-409C-8098-E4FDF6923AD7}.Release|ARM.Build.0 = Release|Any CPU
		{F1AA1378-AD3D-409C-8098-E4FDF6923AD7}.Release|ARM64.ActiveCfg = Release|Any CPU
		{F1AA1378-AD3D-409C-8098-E4FDF6923AD7}.Release|ARM64.Build.0 = Release|Any CPU
		{F1AA1378-AD3D-409C-8098-E4FDF6923AD7}.Release|x64.ActiveCfg = Release|Any CPU
		{F1AA1378-AD3D-409C-8098-E4FDF6923AD7}.Release|x64.Build.0 = Release|Any CPU
		{F1AA1378-AD3D-409C-8098-E4FDF6923AD7}.Release|x86.ActiveCfg = Release|Any CPU
		{F1AA1378-AD3D-409C-8098-E4FDF6923AD7}.Release|x86.Build.0 = Release|Any CPU
		{AA636DAF-2B22-486D-86F7-E4CB0CBDD9B1}.Debug|Any CPU.ActiveCfg = Debug|Any CPU
		{AA636DAF-2B22-486D-86F7-E4CB0CBDD9B1}.Debug|Any CPU.Build.0 = Debug|Any CPU
		{AA636DAF-2B22-486D-86F7-E4CB0CBDD9B1}.Debug|ARM.ActiveCfg = Debug|Any CPU
		{AA636DAF-2B22-486D-86F7-E4CB0CBDD9B1}.Debug|ARM.Build.0 = Debug|Any CPU
		{AA636DAF-2B22-486D-86F7-E4CB0CBDD9B1}.Debug|ARM64.ActiveCfg = Debug|Any CPU
		{AA636DAF-2B22-486D-86F7-E4CB0CBDD9B1}.Debug|ARM64.Build.0 = Debug|Any CPU
		{AA636DAF-2B22-486D-86F7-E4CB0CBDD9B1}.Debug|x64.ActiveCfg = Debug|Any CPU
		{AA636DAF-2B22-486D-86F7-E4CB0CBDD9B1}.Debug|x64.Build.0 = Debug|Any CPU
		{AA636DAF-2B22-486D-86F7-E4CB0CBDD9B1}.Debug|x86.ActiveCfg = Debug|Any CPU
		{AA636DAF-2B22-486D-86F7-E4CB0CBDD9B1}.Debug|x86.Build.0 = Debug|Any CPU
		{AA636DAF-2B22-486D-86F7-E4CB0CBDD9B1}.Release|Any CPU.ActiveCfg = Release|Any CPU
		{AA636DAF-2B22-486D-86F7-E4CB0CBDD9B1}.Release|Any CPU.Build.0 = Release|Any CPU
		{AA636DAF-2B22-486D-86F7-E4CB0CBDD9B1}.Release|ARM.ActiveCfg = Release|Any CPU
		{AA636DAF-2B22-486D-86F7-E4CB0CBDD9B1}.Release|ARM.Build.0 = Release|Any CPU
		{AA636DAF-2B22-486D-86F7-E4CB0CBDD9B1}.Release|ARM64.ActiveCfg = Release|Any CPU
		{AA636DAF-2B22-486D-86F7-E4CB0CBDD9B1}.Release|ARM64.Build.0 = Release|Any CPU
		{AA636DAF-2B22-486D-86F7-E4CB0CBDD9B1}.Release|x64.ActiveCfg = Release|Any CPU
		{AA636DAF-2B22-486D-86F7-E4CB0CBDD9B1}.Release|x64.Build.0 = Release|Any CPU
		{AA636DAF-2B22-486D-86F7-E4CB0CBDD9B1}.Release|x86.ActiveCfg = Release|Any CPU
		{AA636DAF-2B22-486D-86F7-E4CB0CBDD9B1}.Release|x86.Build.0 = Release|Any CPU
	EndGlobalSection
	GlobalSection(SolutionProperties) = preSolution
		HideSolutionNode = FALSE
	EndGlobalSection
	GlobalSection(ExtensibilityGlobals) = postSolution
		SolutionGuid = {3887FFD4-B52A-463F-9622-F9FC3156D3C0}
	EndGlobalSection
EndGlobal
